
Microsoft Visual Studio Solution File, Format Version 12.00
# Visual Studio Version 16
VisualStudioVersion = 16.0.810.6
MinimumVisualStudioVersion = 10.0.40219.1
Project("{FAE04EC0-301F-11D3-BF4B-00C04F79EFBC}") = "Veicoli", "Veicoli\Veicoli.csproj", "{B7230339-6185-48A0-900E-FA0036A27864}"
EndProject
Global
	GlobalSection(SolutionConfigurationPlatforms) = preSolution
		Debug|anycpu = Debug|anycpu
		Release|anycpu = Release|anycpu
	EndGlobalSection
	GlobalSection(ProjectConfigurationPlatforms) = postSolution
		{B7230339-6185-48A0-900E-FA0036A27864}.Debug|anycpu.ActiveCfg = Debug|anycpu
		{B7230339-6185-48A0-900E-FA0036A27864}.Debug|anycpu.Build.0 = Debug|anycpu
		{B7230339-6185-48A0-900E-FA0036A27864}.Release|anycpu.ActiveCfg = Release|anycpu
		{B7230339-6185-48A0-900E-FA0036A27864}.Release|anycpu.Build.0 = Release|anycpu
	EndGlobalSection
	GlobalSection(SolutionProperties) = preSolution
		HideSolutionNode = FALSE
	EndGlobalSection
	GlobalSection(ExtensibilityGlobals) = postSolution
		SolutionGuid = {0756DF76-47FB-4EA2-9EB8-F6EF4F710957}
	EndGlobalSection
EndGlobal
