
Microsoft Visual Studio Solution File, Format Version 12.00
# Visual Studio Version 16
VisualStudioVersion = 16.0.31402.337
MinimumVisualStudioVersion = 10.0.40219.1
Project("{FAE04EC0-301F-11D3-BF4B-00C04F79EFBC}") = "Circonferenza", "Circonferenza\Circonferenza.csproj", "{563B1F78-38EF-4377-B69A-FF8CC54874A2}"
EndProject
Global
	GlobalSection(SolutionConfigurationPlatforms) = preSolution
		Debug|Any CPU = Debug|Any CPU
		Release|Any CPU = Release|Any CPU
	EndGlobalSection
	GlobalSection(ProjectConfigurationPlatforms) = postSolution
		{563B1F78-38EF-4377-B69A-FF8CC54874A2}.Debug|Any CPU.ActiveCfg = Debug|Any CPU
		{563B1F78-38EF-4377-B69A-FF8CC54874A2}.Debug|Any CPU.Build.0 = Debug|Any CPU
		{563B1F78-38EF-4377-B69A-FF8CC54874A2}.Release|Any CPU.ActiveCfg = Release|Any CPU
		{563B1F78-38EF-4377-B69A-FF8CC54874A2}.Release|Any CPU.Build.0 = Release|Any CPU
	EndGlobalSection
	GlobalSection(SolutionProperties) = preSolution
		HideSolutionNode = FALSE
	EndGlobalSection
	GlobalSection(ExtensibilityGlobals) = postSolution
		SolutionGuid = {2C2C8B72-BEE4-4AFD-BE06-94DD26828424}
	EndGlobalSection
EndGlobal
